// !$*UTF8*$!
{
	archiveVersion = 1;
	classes = {
	};
	objectVersion = 48;
	objects = {

/* Begin PBXBuildFile section */
		B19361061F7FE67D008F2313 /* AppDelegate.m in Sources */ = {isa = PBXBuildFile; fileRef = B19361051F7FE67D008F2313 /* AppDelegate.m */; };
		B193610E1F7FE67D008F2313 /* Assets.xcassets in Resources */ = {isa = PBXBuildFile; fileRef = B193610D1F7FE67D008F2313 /* Assets.xcassets */; };
		B19361111F7FE67D008F2313 /* LaunchScreen.storyboard in Resources */ = {isa = PBXBuildFile; fileRef = B193610F1F7FE67D008F2313 /* LaunchScreen.storyboard */; };
		B19361141F7FE67D008F2313 /* main.m in Sources */ = {isa = PBXBuildFile; fileRef = B19361131F7FE67D008F2313 /* main.m */; };
		B19361371F80B953008F2313 /* SVCalenderContainerViewController.m in Sources */ = {isa = PBXBuildFile; fileRef = B19361361F80B953008F2313 /* SVCalenderContainerViewController.m */; };
		B193613B1F80BA14008F2313 /* SVCalenderDayPicker.m in Sources */ = {isa = PBXBuildFile; fileRef = B193613A1F80BA14008F2313 /* SVCalenderDayPicker.m */; };
		B193614C1F80D20A008F2313 /* SVCalenderDayPickerViewModel.m in Sources */ = {isa = PBXBuildFile; fileRef = B193614B1F80D20A008F2313 /* SVCalenderDayPickerViewModel.m */; };
		B19361531F811CAF008F2313 /* SVCalenderDayPickerCollectionViewCell.m in Sources */ = {isa = PBXBuildFile; fileRef = B19361521F811CAF008F2313 /* SVCalenderDayPickerCollectionViewCell.m */; };
		B19361561F811CD7008F2313 /* SVCalenderDayPickerCellViewModel.m in Sources */ = {isa = PBXBuildFile; fileRef = B19361551F811CD7008F2313 /* SVCalenderDayPickerCellViewModel.m */; };
		B193615A1F811D0B008F2313 /* SVCalenderDayPickerLayout.m in Sources */ = {isa = PBXBuildFile; fileRef = B19361591F811D0B008F2313 /* SVCalenderDayPickerLayout.m */; };
		B19361681F8121BE008F2313 /* SVCalenderDayPickerDataSource.m in Sources */ = {isa = PBXBuildFile; fileRef = B19361671F8121BE008F2313 /* SVCalenderDayPickerDataSource.m */; };
		B193616E1F81E2BB008F2313 /* NSDate+Utils.m in Sources */ = {isa = PBXBuildFile; fileRef = B193616D1F81E2BB008F2313 /* NSDate+Utils.m */; };
/* End PBXBuildFile section */

/* Begin PBXFileReference section */
		B19361011F7FE67D008F2313 /* Calender.app */ = {isa = PBXFileReference; explicitFileType = wrapper.application; includeInIndex = 0; path = Calender.app; sourceTree = BUILT_PRODUCTS_DIR; };
		B19361041F7FE67D008F2313 /* AppDelegate.h */ = {isa = PBXFileReference; lastKnownFileType = sourcecode.c.h; path = AppDelegate.h; sourceTree = "<group>"; };
		B19361051F7FE67D008F2313 /* AppDelegate.m */ = {isa = PBXFileReference; lastKnownFileType = sourcecode.c.objc; path = AppDelegate.m; sourceTree = "<group>"; };
		B193610D1F7FE67D008F2313 /* Assets.xcassets */ = {isa = PBXFileReference; lastKnownFileType = folder.assetcatalog; path = Assets.xcassets; sourceTree = "<group>"; };
		B19361101F7FE67D008F2313 /* Base */ = {isa = PBXFileReference; lastKnownFileType = file.storyboard; name = Base; path = Base.lproj/LaunchScreen.storyboard; sourceTree = "<group>"; };
		B19361121F7FE67D008F2313 /* Info.plist */ = {isa = PBXFileReference; lastKnownFileType = text.plist.xml; path = Info.plist; sourceTree = "<group>"; };
		B19361131F7FE67D008F2313 /* main.m */ = {isa = PBXFileReference; lastKnownFileType = sourcecode.c.objc; path = main.m; sourceTree = "<group>"; };
		B19361351F80B953008F2313 /* SVCalenderContainerViewController.h */ = {isa = PBXFileReference; lastKnownFileType = sourcecode.c.h; path = SVCalenderContainerViewController.h; sourceTree = "<group>"; };
		B19361361F80B953008F2313 /* SVCalenderContainerViewController.m */ = {isa = PBXFileReference; lastKnownFileType = sourcecode.c.objc; path = SVCalenderContainerViewController.m; sourceTree = "<group>"; };
		B19361391F80BA14008F2313 /* SVCalenderDayPicker.h */ = {isa = PBXFileReference; lastKnownFileType = sourcecode.c.h; path = SVCalenderDayPicker.h; sourceTree = "<group>"; };
		B193613A1F80BA14008F2313 /* SVCalenderDayPicker.m */ = {isa = PBXFileReference; lastKnownFileType = sourcecode.c.objc; path = SVCalenderDayPicker.m; sourceTree = "<group>"; };
		B193614A1F80D20A008F2313 /* SVCalenderDayPickerViewModel.h */ = {isa = PBXFileReference; lastKnownFileType = sourcecode.c.h; path = SVCalenderDayPickerViewModel.h; sourceTree = "<group>"; };
		B193614B1F80D20A008F2313 /* SVCalenderDayPickerViewModel.m */ = {isa = PBXFileReference; lastKnownFileType = sourcecode.c.objc; path = SVCalenderDayPickerViewModel.m; sourceTree = "<group>"; };
		B19361511F811CAF008F2313 /* SVCalenderDayPickerCollectionViewCell.h */ = {isa = PBXFileReference; lastKnownFileType = sourcecode.c.h; path = SVCalenderDayPickerCollectionViewCell.h; sourceTree = "<group>"; };
		B19361521F811CAF008F2313 /* SVCalenderDayPickerCollectionViewCell.m */ = {isa = PBXFileReference; lastKnownFileType = sourcecode.c.objc; path = SVCalenderDayPickerCollectionViewCell.m; sourceTree = "<group>"; };
		B19361541F811CD7008F2313 /* SVCalenderDayPickerCellViewModel.h */ = {isa = PBXFileReference; lastKnownFileType = sourcecode.c.h; path = SVCalenderDayPickerCellViewModel.h; sourceTree = "<group>"; };
		B19361551F811CD7008F2313 /* SVCalenderDayPickerCellViewModel.m */ = {isa = PBXFileReference; lastKnownFileType = sourcecode.c.objc; path = SVCalenderDayPickerCellViewModel.m; sourceTree = "<group>"; };
		B19361581F811D0B008F2313 /* SVCalenderDayPickerLayout.h */ = {isa = PBXFileReference; lastKnownFileType = sourcecode.c.h; path = SVCalenderDayPickerLayout.h; sourceTree = "<group>"; };
		B19361591F811D0B008F2313 /* SVCalenderDayPickerLayout.m */ = {isa = PBXFileReference; lastKnownFileType = sourcecode.c.objc; path = SVCalenderDayPickerLayout.m; sourceTree = "<group>"; };
		B19361661F8121BE008F2313 /* SVCalenderDayPickerDataSource.h */ = {isa = PBXFileReference; lastKnownFileType = sourcecode.c.h; path = SVCalenderDayPickerDataSource.h; sourceTree = "<group>"; };
		B19361671F8121BE008F2313 /* SVCalenderDayPickerDataSource.m */ = {isa = PBXFileReference; lastKnownFileType = sourcecode.c.objc; path = SVCalenderDayPickerDataSource.m; sourceTree = "<group>"; };
		B193616A1F812310008F2313 /* SVCalenderDayPickerDataSourceProtocol.h */ = {isa = PBXFileReference; lastKnownFileType = sourcecode.c.h; path = SVCalenderDayPickerDataSourceProtocol.h; sourceTree = "<group>"; };
		B193616C1F81E2BB008F2313 /* NSDate+Utils.h */ = {isa = PBXFileReference; lastKnownFileType = sourcecode.c.h; path = "NSDate+Utils.h"; sourceTree = "<group>"; };
		B193616D1F81E2BB008F2313 /* NSDate+Utils.m */ = {isa = PBXFileReference; lastKnownFileType = sourcecode.c.objc; path = "NSDate+Utils.m"; sourceTree = "<group>"; };
/* End PBXFileReference section */

/* Begin PBXFrameworksBuildPhase section */
		B19360FE1F7FE67D008F2313 /* Frameworks */ = {
			isa = PBXFrameworksBuildPhase;
			buildActionMask = 2147483647;
			files = (
			);
			runOnlyForDeploymentPostprocessing = 0;
		};
/* End PBXFrameworksBuildPhase section */

/* Begin PBXGroup section */
		B19360F81F7FE67D008F2313 = {
			isa = PBXGroup;
			children = (
				B19361031F7FE67D008F2313 /* Calender */,
				B19361021F7FE67D008F2313 /* Products */,
			);
			sourceTree = "<group>";
		};
		B19361021F7FE67D008F2313 /* Products */ = {
			isa = PBXGroup;
			children = (
				B19361011F7FE67D008F2313 /* Calender.app */,
			);
			name = Products;
			sourceTree = "<group>";
		};
		B19361031F7FE67D008F2313 /* Calender */ = {
			isa = PBXGroup;
			children = (
				B193616B1F81E29E008F2313 /* Utils */,
				B19361691F8122EA008F2313 /* Protocols */,
				B19361651F812197008F2313 /* Datasource */,
				B19361491F80D1ED008F2313 /* ViewModels */,
				B19361341F80B929008F2313 /* ViewControllers */,
				B19361311F80A8E0008F2313 /* Views */,
				B19361041F7FE67D008F2313 /* AppDelegate.h */,
				B19361051F7FE67D008F2313 /* AppDelegate.m */,
				B193610D1F7FE67D008F2313 /* Assets.xcassets */,
				B193610F1F7FE67D008F2313 /* LaunchScreen.storyboard */,
				B19361121F7FE67D008F2313 /* Info.plist */,
				B19361131F7FE67D008F2313 /* main.m */,
			);
			path = Calender;
			sourceTree = "<group>";
		};
		B19361311F80A8E0008F2313 /* Views */ = {
			isa = PBXGroup;
			children = (
				B19361571F811CEB008F2313 /* Layout */,
				B19361511F811CAF008F2313 /* SVCalenderDayPickerCollectionViewCell.h */,
				B19361521F811CAF008F2313 /* SVCalenderDayPickerCollectionViewCell.m */,
			);
			path = Views;
			sourceTree = "<group>";
		};
		B19361341F80B929008F2313 /* ViewControllers */ = {
			isa = PBXGroup;
			children = (
				B19361351F80B953008F2313 /* SVCalenderContainerViewController.h */,
				B19361361F80B953008F2313 /* SVCalenderContainerViewController.m */,
				B19361391F80BA14008F2313 /* SVCalenderDayPicker.h */,
				B193613A1F80BA14008F2313 /* SVCalenderDayPicker.m */,
			);
			path = ViewControllers;
			sourceTree = "<group>";
		};
		B19361491F80D1ED008F2313 /* ViewModels */ = {
			isa = PBXGroup;
			children = (
				B193614A1F80D20A008F2313 /* SVCalenderDayPickerViewModel.h */,
				B193614B1F80D20A008F2313 /* SVCalenderDayPickerViewModel.m */,
				B19361541F811CD7008F2313 /* SVCalenderDayPickerCellViewModel.h */,
				B19361551F811CD7008F2313 /* SVCalenderDayPickerCellViewModel.m */,
			);
			path = ViewModels;
			sourceTree = "<group>";
		};
		B19361571F811CEB008F2313 /* Layout */ = {
			isa = PBXGroup;
			children = (
				B19361581F811D0B008F2313 /* SVCalenderDayPickerLayout.h */,
				B19361591F811D0B008F2313 /* SVCalenderDayPickerLayout.m */,
			);
			path = Layout;
			sourceTree = "<group>";
		};
		B19361651F812197008F2313 /* Datasource */ = {
			isa = PBXGroup;
			children = (
				B19361661F8121BE008F2313 /* SVCalenderDayPickerDataSource.h */,
				B19361671F8121BE008F2313 /* SVCalenderDayPickerDataSource.m */,
			);
			path = Datasource;
			sourceTree = "<group>";
		};
		B19361691F8122EA008F2313 /* Protocols */ = {
			isa = PBXGroup;
			children = (
				B193616A1F812310008F2313 /* SVCalenderDayPickerDataSourceProtocol.h */,
			);
			path = Protocols;
			sourceTree = "<group>";
		};
		B193616B1F81E29E008F2313 /* Utils */ = {
			isa = PBXGroup;
			children = (
				B193616C1F81E2BB008F2313 /* NSDate+Utils.h */,
				B193616D1F81E2BB008F2313 /* NSDate+Utils.m */,
			);
			path = Utils;
			sourceTree = "<group>";
		};
/* End PBXGroup section */

/* Begin PBXNativeTarget section */
		B19361001F7FE67D008F2313 /* Calender */ = {
			isa = PBXNativeTarget;
			buildConfigurationList = B19361171F7FE67D008F2313 /* Build configuration list for PBXNativeTarget "Calender" */;
			buildPhases = (
				B19360FD1F7FE67D008F2313 /* Sources */,
				B19360FE1F7FE67D008F2313 /* Frameworks */,
				B19360FF1F7FE67D008F2313 /* Resources */,
			);
			buildRules = (
			);
			dependencies = (
			);
			name = Calender;
			productName = Calender;
			productReference = B19361011F7FE67D008F2313 /* Calender.app */;
			productType = "com.apple.product-type.application";
		};
/* End PBXNativeTarget section */

/* Begin PBXProject section */
		B19360F91F7FE67D008F2313 /* Project object */ = {
			isa = PBXProject;
			attributes = {
				LastUpgradeCheck = 0900;
				ORGANIZATIONNAME = Svakriti;
				TargetAttributes = {
					B19361001F7FE67D008F2313 = {
						CreatedOnToolsVersion = 9.0;
						ProvisioningStyle = Automatic;
					};
				};
			};
			buildConfigurationList = B19360FC1F7FE67D008F2313 /* Build configuration list for PBXProject "Calender" */;
			compatibilityVersion = "Xcode 8.0";
			developmentRegion = en;
			hasScannedForEncodings = 0;
			knownRegions = (
				en,
				Base,
			);
			mainGroup = B19360F81F7FE67D008F2313;
			productRefGroup = B19361021F7FE67D008F2313 /* Products */;
			projectDirPath = "";
			projectRoot = "";
			targets = (
				B19361001F7FE67D008F2313 /* Calender */,
			);
		};
/* End PBXProject section */

/* Begin PBXResourcesBuildPhase section */
		B19360FF1F7FE67D008F2313 /* Resources */ = {
			isa = PBXResourcesBuildPhase;
			buildActionMask = 2147483647;
			files = (
				B19361111F7FE67D008F2313 /* LaunchScreen.storyboard in Resources */,
				B193610E1F7FE67D008F2313 /* Assets.xcassets in Resources */,
			);
			runOnlyForDeploymentPostprocessing = 0;
		};
/* End PBXResourcesBuildPhase section */

/* Begin PBXSourcesBuildPhase section */
		B19360FD1F7FE67D008F2313 /* Sources */ = {
			isa = PBXSourcesBuildPhase;
			buildActionMask = 2147483647;
			files = (
				B19361141F7FE67D008F2313 /* main.m in Sources */,
				B193614C1F80D20A008F2313 /* SVCalenderDayPickerViewModel.m in Sources */,
				B19361561F811CD7008F2313 /* SVCalenderDayPickerCellViewModel.m in Sources */,
				B19361531F811CAF008F2313 /* SVCalenderDayPickerCollectionViewCell.m in Sources */,
				B193616E1F81E2BB008F2313 /* NSDate+Utils.m in Sources */,
				B19361061F7FE67D008F2313 /* AppDelegate.m in Sources */,
				B19361371F80B953008F2313 /* SVCalenderContainerViewController.m in Sources */,
				B193613B1F80BA14008F2313 /* SVCalenderDayPicker.m in Sources */,
				B193615A1F811D0B008F2313 /* SVCalenderDayPickerLayout.m in Sources */,
				B19361681F8121BE008F2313 /* SVCalenderDayPickerDataSource.m in Sources */,
			);
			runOnlyForDeploymentPostprocessing = 0;
		};
/* End PBXSourcesBuildPhase section */

/* Begin PBXVariantGroup section */
		B193610F1F7FE67D008F2313 /* LaunchScreen.storyboard */ = {
			isa = PBXVariantGroup;
			children = (
				B19361101F7FE67D008F2313 /* Base */,
			);
			name = LaunchScreen.storyboard;
			sourceTree = "<group>";
		};
/* End PBXVariantGroup section */

/* Begin XCBuildConfiguration section */
		B19361151F7FE67D008F2313 /* Debug */ = {
			isa = XCBuildConfiguration;
			buildSettings = {
				ALWAYS_SEARCH_USER_PATHS = NO;
				CLANG_ANALYZER_NONNULL = YES;
				CLANG_ANALYZER_NUMBER_OBJECT_CONVERSION = YES_AGGRESSIVE;
				CLANG_CXX_LANGUAGE_STANDARD = "gnu++14";
				CLANG_CXX_LIBRARY = "libc++";
				CLANG_ENABLE_MODULES = YES;
				CLANG_ENABLE_OBJC_ARC = YES;
				CLANG_WARN_BLOCK_CAPTURE_AUTORELEASING = YES;
				CLANG_WARN_BOOL_CONVERSION = YES;
				CLANG_WARN_COMMA = YES;
				CLANG_WARN_CONSTANT_CONVERSION = YES;
				CLANG_WARN_DIRECT_OBJC_ISA_USAGE = YES_ERROR;
				CLANG_WARN_DOCUMENTATION_COMMENTS = YES;
				CLANG_WARN_EMPTY_BODY = YES;
				CLANG_WARN_ENUM_CONVERSION = YES;
				CLANG_WARN_INFINITE_RECURSION = YES;
				CLANG_WARN_INT_CONVERSION = YES;
				CLANG_WARN_NON_LITERAL_NULL_CONVERSION = YES;
				CLANG_WARN_OBJC_LITERAL_CONVERSION = YES;
				CLANG_WARN_OBJC_ROOT_CLASS = YES_ERROR;
				CLANG_WARN_RANGE_LOOP_ANALYSIS = YES;
				CLANG_WARN_STRICT_PROTOTYPES = YES;
				CLANG_WARN_SUSPICIOUS_MOVE = YES;
				CLANG_WARN_UNGUARDED_AVAILABILITY = YES_AGGRESSIVE;
				CLANG_WARN_UNREACHABLE_CODE = YES;
				CLANG_WARN__DUPLICATE_METHOD_MATCH = YES;
				CODE_SIGN_IDENTITY = "iPhone Developer";
				COPY_PHASE_STRIP = NO;
				DEBUG_INFORMATION_FORMAT = dwarf;
				ENABLE_STRICT_OBJC_MSGSEND = YES;
				ENABLE_TESTABILITY = YES;
				GCC_C_LANGUAGE_STANDARD = gnu11;
				GCC_DYNAMIC_NO_PIC = NO;
				GCC_NO_COMMON_BLOCKS = YES;
				GCC_OPTIMIZATION_LEVEL = 0;
				GCC_PREPROCESSOR_DEFINITIONS = (
					"DEBUG=1",
					"$(inherited)",
				);
				GCC_WARN_64_TO_32_BIT_CONVERSION = YES;
				GCC_WARN_ABOUT_RETURN_TYPE = YES_ERROR;
				GCC_WARN_UNDECLARED_SELECTOR = YES;
				GCC_WARN_UNINITIALIZED_AUTOS = YES_AGGRESSIVE;
				GCC_WARN_UNUSED_FUNCTION = YES;
				GCC_WARN_UNUSED_VARIABLE = YES;
				IPHONEOS_DEPLOYMENT_TARGET = 11.0;
				MTL_ENABLE_DEBUG_INFO = YES;
				ONLY_ACTIVE_ARCH = YES;
				SDKROOT = iphoneos;
			};
			name = Debug;
		};
		B19361161F7FE67D008F2313 /* Release */ = {
			isa = XCBuildConfiguration;
			buildSettings = {
				ALWAYS_SEARCH_USER_PATHS = NO;
				CLANG_ANALYZER_NONNULL = YES;
				CLANG_ANALYZER_NUMBER_OBJECT_CONVERSION = YES_AGGRESSIVE;
				CLANG_CXX_LANGUAGE_STANDARD = "gnu++14";
				CLANG_CXX_LIBRARY = "libc++";
				CLANG_ENABLE_MODULES = YES;
				CLANG_ENABLE_OBJC_ARC = YES;
				CLANG_WARN_BLOCK_CAPTURE_AUTORELEASING = YES;
				CLANG_WARN_BOOL_CONVERSION = YES;
				CLANG_WARN_COMMA = YES;
				CLANG_WARN_CONSTANT_CONVERSION = YES;
				CLANG_WARN_DIRECT_OBJC_ISA_USAGE = YES_ERROR;
				CLANG_WARN_DOCUMENTATION_COMMENTS = YES;
				CLANG_WARN_EMPTY_BODY = YES;
				CLANG_WARN_ENUM_CONVERSION = YES;
				CLANG_WARN_INFINITE_RECURSION = YES;
				CLANG_WARN_INT_CONVERSION = YES;
				CLANG_WARN_NON_LITERAL_NULL_CONVERSION = YES;
				CLANG_WARN_OBJC_LITERAL_CONVERSION = YES;
				CLANG_WARN_OBJC_ROOT_CLASS = YES_ERROR;
				CLANG_WARN_RANGE_LOOP_ANALYSIS = YES;
				CLANG_WARN_STRICT_PROTOTYPES = YES;
				CLANG_WARN_SUSPICIOUS_MOVE = YES;
				CLANG_WARN_UNGUARDED_AVAILABILITY = YES_AGGRESSIVE;
				CLANG_WARN_UNREACHABLE_CODE = YES;
				CLANG_WARN__DUPLICATE_METHOD_MATCH = YES;
				CODE_SIGN_IDENTITY = "iPhone Developer";
				COPY_PHASE_STRIP = NO;
				DEBUG_INFORMATION_FORMAT = "dwarf-with-dsym";
				ENABLE_NS_ASSERTIONS = NO;
				ENABLE_STRICT_OBJC_MSGSEND = YES;
				GCC_C_LANGUAGE_STANDARD = gnu11;
				GCC_NO_COMMON_BLOCKS = YES;
				GCC_WARN_64_TO_32_BIT_CONVERSION = YES;
				GCC_WARN_ABOUT_RETURN_TYPE = YES_ERROR;
				GCC_WARN_UNDECLARED_SELECTOR = YES;
				GCC_WARN_UNINITIALIZED_AUTOS = YES_AGGRESSIVE;
				GCC_WARN_UNUSED_FUNCTION = YES;
				GCC_WARN_UNUSED_VARIABLE = YES;
				IPHONEOS_DEPLOYMENT_TARGET = 11.0;
				MTL_ENABLE_DEBUG_INFO = NO;
				SDKROOT = iphoneos;
				VALIDATE_PRODUCT = YES;
			};
			name = Release;
		};
		B19361181F7FE67D008F2313 /* Debug */ = {
			isa = XCBuildConfiguration;
			buildSettings = {
				ASSETCATALOG_COMPILER_APPICON_NAME = AppIcon;
				CODE_SIGN_STYLE = Automatic;
				DEVELOPMENT_TEAM = 9S9UN3HHA9;
				INFOPLIST_FILE = Calender/Info.plist;
				LD_RUNPATH_SEARCH_PATHS = "$(inherited) @executable_path/Frameworks";
				PRODUCT_BUNDLE_IDENTIFIER = com.svakriti.svCalender;
				PRODUCT_NAME = "$(TARGET_NAME)";
				TARGETED_DEVICE_FAMILY = "1,2";
			};
			name = Debug;
		};
		B19361191F7FE67D008F2313 /* Release */ = {
			isa = XCBuildConfiguration;
			buildSettings = {
				ASSETCATALOG_COMPILER_APPICON_NAME = AppIcon;
				CODE_SIGN_STYLE = Automatic;
				DEVELOPMENT_TEAM = 9S9UN3HHA9;
				INFOPLIST_FILE = Calender/Info.plist;
				LD_RUNPATH_SEARCH_PATHS = "$(inherited) @executable_path/Frameworks";
				PRODUCT_BUNDLE_IDENTIFIER = com.svakriti.svCalender;
				PRODUCT_NAME = "$(TARGET_NAME)";
				TARGETED_DEVICE_FAMILY = "1,2";
			};
			name = Release;
		};
/* End XCBuildConfiguration section */

/* Begin XCConfigurationList section */
		B19360FC1F7FE67D008F2313 /* Build configuration list for PBXProject "Calender" */ = {
			isa = XCConfigurationList;
			buildConfigurations = (
				B19361151F7FE67D008F2313 /* Debug */,
				B19361161F7FE67D008F2313 /* Release */,
			);
			defaultConfigurationIsVisible = 0;
			defaultConfigurationName = Release;
		};
		B19361171F7FE67D008F2313 /* Build configuration list for PBXNativeTarget "Calender" */ = {
			isa = XCConfigurationList;
			buildConfigurations = (
				B19361181F7FE67D008F2313 /* Debug */,
				B19361191F7FE67D008F2313 /* Release */,
			);
			defaultConfigurationIsVisible = 0;
			defaultConfigurationName = Release;
		};
/* End XCConfigurationList section */
	};
	rootObject = B19360F91F7FE67D008F2313 /* Project object */;
}
